{
  "version": 4,
  "terraform_version": "1.1.7",
  "serial": 6,
  "lineage": "bc76be84-abfe-9f60-0308-fa2b6f37c2e1",
  "outputs": {
    "aks_cluster_name": {
      "value": "terraform-aks-dev-cluster",
      "type": "string"
    },
    "latest_version": {
      "value": "1.22.6",
      "type": "string"
    },
    "location": {
      "value": "centralus",
      "type": "string"
    },
    "resource_group_id": {
      "value": "/subscriptions/2550c2f8-8d63-4bbb-9208-e9799c2bb43c/resourceGroups/terraform-aks-dev",
      "type": "string"
    },
    "resource_group_name": {
      "value": "terraform-aks-dev",
      "type": "string"
    },
    "versions": {
      "value": [
        "1.20.13",
        "1.20.15",
        "1.21.7",
        "1.21.9",
        "1.22.4",
        "1.22.6"
      ],
      "type": [
        "list",
        "string"
      ]
    }
  },
  "resources": [
    {
      "mode": "data",
      "type": "azurerm_kubernetes_service_versions",
      "name": "current",
      "provider": "provider[\"registry.terraform.io/hashicorp/azurerm\"]",
      "instances": [
        {
          "schema_version": 0,
          "attributes": {
            "id": "/subscriptions/2550c2f8-8d63-4bbb-9208-e9799c2bb43c/providers/Microsoft.ContainerService/locations/centralus/orchestrators",
            "include_preview": false,
            "latest_version": "1.22.6",
            "location": "centralus",
            "timeouts": null,
            "version_prefix": null,
            "versions": [
              "1.20.13",
              "1.20.15",
              "1.21.7",
              "1.21.9",
              "1.22.4",
              "1.22.6"
            ]
          },
          "sensitive_attributes": []
        }
      ]
    },
    {
      "mode": "managed",
      "type": "azurerm_log_analytics_workspace",
      "name": "insights",
      "provider": "provider[\"registry.terraform.io/hashicorp/azurerm\"]",
      "instances": [
        {
          "schema_version": 2,
          "attributes": {
            "daily_quota_gb": -1,
            "id": "/subscriptions/2550c2f8-8d63-4bbb-9208-e9799c2bb43c/resourceGroups/terraform-aks-dev/providers/Microsoft.OperationalInsights/workspaces/logs-proud-bird",
            "internet_ingestion_enabled": true,
            "internet_query_enabled": true,
            "location": "centralus",
            "name": "logs-proud-bird",
            "portal_url": "",
            "primary_shared_key": "+bZLvMz93SDeGa6LK0FWu4OSDSw6l2Vf+JIivriWxNAiYnwBobGRrX7YzkhnFQwp7dkOOH0L/r+Uak4mz26wRQ==",
            "reservation_capacity_in_gb_per_day": null,
            "reservation_capcity_in_gb_per_day": null,
            "resource_group_name": "terraform-aks-dev",
            "retention_in_days": 30,
            "secondary_shared_key": "0cX+n9wf/aujUhY6AsR2pEKPNajICx2rcrvu7LElY+uzEE4PuYzukzALv0yqqQ7ne70IOeJeWG6L1JWT6aRoDA==",
            "sku": "pergb2018",
            "tags": null,
            "timeouts": null,
            "workspace_id": "9adaf4b1-4693-40c3-bf6b-d90d26c6f2e5"
          },
          "sensitive_attributes": [],
          "private": "eyJlMmJmYjczMC1lY2FhLTExZTYtOGY4OC0zNDM2M2JjN2M0YzAiOnsiY3JlYXRlIjoxODAwMDAwMDAwMDAwLCJkZWxldGUiOjE4MDAwMDAwMDAwMDAsInJlYWQiOjMwMDAwMDAwMDAwMCwidXBkYXRlIjoxODAwMDAwMDAwMDAwfSwic2NoZW1hX3ZlcnNpb24iOiIyIn0=",
          "dependencies": [
            "azurerm_resource_group.aks_rg",
            "random_pet.aksrandom"
          ]
        }
      ]
    },
    {
      "mode": "managed",
      "type": "azurerm_resource_group",
      "name": "aks_rg",
      "provider": "provider[\"registry.terraform.io/hashicorp/azurerm\"]",
      "instances": [
        {
          "schema_version": 0,
          "attributes": {
            "id": "/subscriptions/2550c2f8-8d63-4bbb-9208-e9799c2bb43c/resourceGroups/terraform-aks-dev",
            "location": "centralus",
            "name": "terraform-aks-dev",
            "tags": null,
            "timeouts": null
          },
          "sensitive_attributes": [],
          "private": "eyJlMmJmYjczMC1lY2FhLTExZTYtOGY4OC0zNDM2M2JjN2M0YzAiOnsiY3JlYXRlIjo1NDAwMDAwMDAwMDAwLCJkZWxldGUiOjU0MDAwMDAwMDAwMDAsInJlYWQiOjMwMDAwMDAwMDAwMCwidXBkYXRlIjo1NDAwMDAwMDAwMDAwfX0="
        }
      ]
    },
    {
      "mode": "managed",
      "type": "random_pet",
      "name": "aksrandom",
      "provider": "provider[\"registry.terraform.io/hashicorp/random\"]",
      "instances": [
        {
          "schema_version": 0,
          "attributes": {
            "id": "proud-bird",
            "keepers": null,
            "length": 2,
            "prefix": null,
            "separator": "-"
          },
          "sensitive_attributes": [],
          "private": "bnVsbA=="
        }
      ]
    }
  ]
}
